{
  "name": "study buddy",
  "lockfileVersion": 3,
  "requires": true,
  "packages": {
    "": {
      "dependencies": {
        "@splinetool/react-spline": "^4.0.0",
        "embla-carousel-auto-scroll": "^8.6.0",
        "embla-carousel-react": "^8.6.0",
        "framer-motion": "^12.23.3",
        "lucide-react": "^0.525.0",
        "quill": "^2.0.3"
      }
    },
    "node_modules/@splinetool/react-spline": {
      "version": "4.0.0",
      "resolved": "https://registry.npmjs.org/@splinetool/react-spline/-/react-spline-4.0.0.tgz",
      "integrity": "sha512-FqrV7/K2q998Y0t83QUauQxsifKWAg9CFZoSb64qRuH7IfHkDs5/OgU1ACkg0aTgsEPtFlH+kATQ+8X6MrizHQ==",
      "dependencies": {
        "blurhash": "2.0.5",
        "lodash.debounce": "4.0.8",
        "react-merge-refs": "2.1.1",
        "thumbhash": "0.1.1"
      },
      "peerDependencies": {
        "@splinetool/runtime": "*",
        "next": ">=14.2.0",
        "react": "*",
        "react-dom": "*"
      },
      "peerDependenciesMeta": {
        "next": {
          "optional": true
        }
      }
    },
    "node_modules/@splinetool/runtime": {
      "version": "1.10.22",
      "resolved": "https://registry.npmjs.org/@splinetool/runtime/-/runtime-1.10.22.tgz",
      "integrity": "sha512-fRohYdQoC3bxsRI6gquOgDrenxMrpUYO4DTN2b5+KlTGhdSPWE+qIxlCkaS0zowoafCWeR/eQ/Uqw7EJhm4n9g==",
      "peer": true,
      "dependencies": {
        "on-change": "^4.0.0",
        "semver-compare": "^1.0.0"
      }
    },
    "node_modules/blurhash": {
      "version": "2.0.5",
      "resolved": "https://registry.npmjs.org/blurhash/-/blurhash-2.0.5.tgz",
      "integrity": "sha512-cRygWd7kGBQO3VEhPiTgq4Wc43ctsM+o46urrmPOiuAe+07fzlSB9OJVdpgDL0jPqXUVQ9ht7aq7kxOeJHRK+w==",
      "license": "MIT"
    },
    "node_modules/embla-carousel": {
      "version": "8.6.0",
      "resolved": "https://registry.npmjs.org/embla-carousel/-/embla-carousel-8.6.0.tgz",
      "integrity": "sha512-SjWyZBHJPbqxHOzckOfo8lHisEaJWmwd23XppYFYVh10bU66/Pn5tkVkbkCMZVdbUE5eTCI2nD8OyIP4Z+uwkA==",
      "license": "MIT"
    },
    "node_modules/embla-carousel-auto-scroll": {
      "version": "8.6.0",
      "resolved": "https://registry.npmjs.org/embla-carousel-auto-scroll/-/embla-carousel-auto-scroll-8.6.0.tgz",
      "integrity": "sha512-WT9fWhNXFpbQ6kP+aS07oF5IHYLZ1Dx4DkwgCY8Hv2ZyYd2KMCPfMV1q/cA3wFGuLO7GMgKiySLX90/pQkcOdQ==",
      "license": "MIT",
      "peerDependencies": {
        "embla-carousel": "8.6.0"
      }
    },
    "node_modules/embla-carousel-react": {
      "version": "8.6.0",
      "resolved": "https://registry.npmjs.org/embla-carousel-react/-/embla-carousel-react-8.6.0.tgz",
      "integrity": "sha512-0/PjqU7geVmo6F734pmPqpyHqiM99olvyecY7zdweCw+6tKEXnrE90pBiBbMMU8s5tICemzpQ3hi5EpxzGW+JA==",
      "license": "MIT",
      "dependencies": {
        "embla-carousel": "8.6.0",
        "embla-carousel-reactive-utils": "8.6.0"
      },
      "peerDependencies": {
        "react": "^16.8.0 || ^17.0.1 || ^18.0.0 || ^19.0.0 || ^19.0.0-rc"
      }
    },
    "node_modules/embla-carousel-reactive-utils": {
      "version": "8.6.0",
      "resolved": "https://registry.npmjs.org/embla-carousel-reactive-utils/-/embla-carousel-reactive-utils-8.6.0.tgz",
      "integrity": "sha512-fMVUDUEx0/uIEDM0Mz3dHznDhfX+znCCDCeIophYb1QGVM7YThSWX+wz11zlYwWFOr74b4QLGg0hrGPJeG2s4A==",
      "license": "MIT",
      "peerDependencies": {
        "embla-carousel": "8.6.0"
      }
    },
    "node_modules/eventemitter3": {
      "version": "5.0.1",
      "resolved": "https://registry.npmjs.org/eventemitter3/-/eventemitter3-5.0.1.tgz",
      "integrity": "sha512-GWkBvjiSZK87ELrYOSESUYeVIc9mvLLf/nXalMOS5dYrgZq9o5OVkbZAVM06CVxYsCwH9BDZFPlQTlPA1j4ahA==",
      "license": "MIT"
    },
    "node_modules/fast-diff": {
      "version": "1.3.0",
      "resolved": "https://registry.npmjs.org/fast-diff/-/fast-diff-1.3.0.tgz",
      "integrity": "sha512-VxPP4NqbUjj6MaAOafWeUn2cXWLcCtljklUtZf0Ind4XQ+QPtmA0b18zZy0jIQx+ExRVCR/ZQpBmik5lXshNsw==",
      "license": "Apache-2.0"
    },
    "node_modules/framer-motion": {
      "version": "12.23.3",
      "resolved": "https://registry.npmjs.org/framer-motion/-/framer-motion-12.23.3.tgz",
      "integrity": "sha512-llmLkf44zuIZOPSrE4bl4J0UTg6bav+rlKEfMRKgvDMXqBrUtMg6cspoQeRVK3nqRLxTmAJhfGXk39UDdZD7Kw==",
      "license": "MIT",
      "dependencies": {
        "motion-dom": "^12.23.2",
        "motion-utils": "^12.23.2",
        "tslib": "^2.4.0"
      },
      "peerDependencies": {
        "@emotion/is-prop-valid": "*",
        "react": "^18.0.0 || ^19.0.0",
        "react-dom": "^18.0.0 || ^19.0.0"
      },
      "peerDependenciesMeta": {
        "@emotion/is-prop-valid": {
          "optional": true
        },
        "react": {
          "optional": true
        },
        "react-dom": {
          "optional": true
        }
      }
    },
    "node_modules/lodash-es": {
      "version": "4.17.21",
      "resolved": "https://registry.npmjs.org/lodash-es/-/lodash-es-4.17.21.tgz",
      "integrity": "sha512-mKnC+QJ9pWVzv+C4/U3rRsHapFfHvQFoFB92e52xeyGMcX6/OlIl78je1u8vePzYZSkkogMPJ2yjxxsb89cxyw==",
      "license": "MIT"
    },
    "node_modules/lodash.clonedeep": {
      "version": "4.5.0",
      "resolved": "https://registry.npmjs.org/lodash.clonedeep/-/lodash.clonedeep-4.5.0.tgz",
      "integrity": "sha512-H5ZhCF25riFd9uB5UCkVKo61m3S/xZk1x4wA6yp/L3RFP6Z/eHH1ymQcGLo7J3GMPfm0V/7m1tryHuGVxpqEBQ==",
      "license": "MIT"
    },
    "node_modules/lodash.debounce": {
      "version": "4.0.8",
      "resolved": "https://registry.npmjs.org/lodash.debounce/-/lodash.debounce-4.0.8.tgz",
      "integrity": "sha512-FT1yDzDYEoYWhnSGnpE/4Kj1fLZkDFyqRb7fNt6FdYOSxlUWAtp42Eh6Wb0rGIv/m9Bgo7x4GhQbm5Ys4SG5ow==",
      "license": "MIT"
    },
    "node_modules/lodash.isequal": {
      "version": "4.5.0",
      "resolved": "https://registry.npmjs.org/lodash.isequal/-/lodash.isequal-4.5.0.tgz",
      "integrity": "sha512-pDo3lu8Jhfjqls6GkMgpahsF9kCyayhgykjyLMNFTKWrpVdAQtYyB4muAMWozBB4ig/dtWAmsMxLEI8wuz+DYQ==",
      "deprecated": "This package is deprecated. Use require('node:util').isDeepStrictEqual instead.",
      "license": "MIT"
    },
    "node_modules/lucide-react": {
      "version": "0.525.0",
      "resolved": "https://registry.npmjs.org/lucide-react/-/lucide-react-0.525.0.tgz",
      "integrity": "sha512-Tm1txJ2OkymCGkvwoHt33Y2JpN5xucVq1slHcgE6Lk0WjDfjgKWor5CdVER8U6DvcfMwh4M8XxmpTiyzfmfDYQ==",
      "license": "ISC",
      "peerDependencies": {
        "react": "^16.5.1 || ^17.0.0 || ^18.0.0 || ^19.0.0"
      }
    },
    "node_modules/motion-dom": {
      "version": "12.23.2",
      "resolved": "https://registry.npmjs.org/motion-dom/-/motion-dom-12.23.2.tgz",
      "integrity": "sha512-73j6xDHX/NvVh5L5oS1ouAVnshsvmApOq4F3VZo5MkYSD/YVsVLal4Qp9wvVgJM9uU2bLZyc0Sn8B9c/MMKk4g==",
      "license": "MIT",
      "dependencies": {
        "motion-utils": "^12.23.2"
      }
    },
    "node_modules/motion-utils": {
      "version": "12.23.2",
      "resolved": "https://registry.npmjs.org/motion-utils/-/motion-utils-12.23.2.tgz",
      "integrity": "sha512-cIEXlBlXAOUyiAtR0S+QPQUM9L3Diz23Bo+zM420NvSd/oPQJwg6U+rT+WRTpp0rizMsBGQOsAwhWIfglUcZfA==",
      "license": "MIT"
    },
    "node_modules/on-change": {
      "version": "4.0.2",
      "resolved": "https://registry.npmjs.org/on-change/-/on-change-4.0.2.tgz",
      "integrity": "sha512-cMtCyuJmTx/bg2HCpHo3ZLeF7FZnBOapLqZHr2AlLeJ5Ul0Zu2mUJJz051Fdwu/Et2YW04ZD+TtU+gVy0ACNCA==",
      "license": "MIT",
      "peer": true,
      "engines": {
        "node": "^12.20.0 || ^14.13.1 || >=16.0.0"
      },
      "funding": {
        "url": "https://github.com/sindresorhus/on-change?sponsor=1"
      }
    },
    "node_modules/parchment": {
      "version": "3.0.0",
      "resolved": "https://registry.npmjs.org/parchment/-/parchment-3.0.0.tgz",
      "integrity": "sha512-HUrJFQ/StvgmXRcQ1ftY6VEZUq3jA2t9ncFN4F84J/vN0/FPpQF+8FKXb3l6fLces6q0uOHj6NJn+2xvZnxO6A==",
      "license": "BSD-3-Clause"
    },
    "node_modules/quill": {
      "version": "2.0.3",
      "resolved": "https://registry.npmjs.org/quill/-/quill-2.0.3.tgz",
      "integrity": "sha512-xEYQBqfYx/sfb33VJiKnSJp8ehloavImQ2A6564GAbqG55PGw1dAWUn1MUbQB62t0azawUS2CZZhWCjO8gRvTw==",
      "license": "BSD-3-Clause",
      "dependencies": {
        "eventemitter3": "^5.0.1",
        "lodash-es": "^4.17.21",
        "parchment": "^3.0.0",
        "quill-delta": "^5.1.0"
      },
      "engines": {
        "npm": ">=8.2.3"
      }
    },
    "node_modules/quill-delta": {
      "version": "5.1.0",
      "resolved": "https://registry.npmjs.org/quill-delta/-/quill-delta-5.1.0.tgz",
      "integrity": "sha512-X74oCeRI4/p0ucjb5Ma8adTXd9Scumz367kkMK5V/IatcX6A0vlgLgKbzXWy5nZmCGeNJm2oQX0d2Eqj+ZIlCA==",
      "license": "MIT",
      "dependencies": {
        "fast-diff": "^1.3.0",
        "lodash.clonedeep": "^4.5.0",
        "lodash.isequal": "^4.5.0"
      },
      "engines": {
        "node": ">= 12.0.0"
      }
    },
    "node_modules/react": {
      "version": "19.1.0",
      "resolved": "https://registry.npmjs.org/react/-/react-19.1.0.tgz",
      "integrity": "sha512-FS+XFBNvn3GTAWq26joslQgWNoFu08F4kl0J4CgdNKADkdSGXQyTCnKteIAJy96Br6YbpEU1LSzV5dYtjMkMDg==",
      "license": "MIT",
      "peer": true,
      "engines": {
        "node": ">=0.10.0"
      }
    },
    "node_modules/react-dom": {
      "version": "19.1.0",
      "resolved": "https://registry.npmjs.org/react-dom/-/react-dom-19.1.0.tgz",
      "integrity": "sha512-Xs1hdnE+DyKgeHJeJznQmYMIBG3TKIHJJT95Q58nHLSrElKlGQqDTR2HQ9fx5CN/Gk6Vh/kupBTDLU11/nDk/g==",
      "license": "MIT",
      "peer": true,
      "dependencies": {
        "scheduler": "^0.26.0"
      },
      "peerDependencies": {
        "react": "^19.1.0"
      }
    },
    "node_modules/react-merge-refs": {
      "version": "2.1.1",
      "resolved": "https://registry.npmjs.org/react-merge-refs/-/react-merge-refs-2.1.1.tgz",
      "integrity": "sha512-jLQXJ/URln51zskhgppGJ2ub7b2WFKGq3cl3NYKtlHoTG+dN2q7EzWrn3hN3EgPsTMvpR9tpq5ijdp7YwFZkag==",
      "license": "MIT",
      "funding": {
        "type": "github",
        "url": "https://github.com/sponsors/gregberge"
      }
    },
    "node_modules/scheduler": {
      "version": "0.26.0",
      "resolved": "https://registry.npmjs.org/scheduler/-/scheduler-0.26.0.tgz",
      "integrity": "sha512-NlHwttCI/l5gCPR3D1nNXtWABUmBwvZpEQiD4IXSbIDq8BzLIK/7Ir5gTFSGZDUu37K5cMNp0hFtzO38sC7gWA==",
      "license": "MIT",
      "peer": true
    },
    "node_modules/semver-compare": {
      "version": "1.0.0",
      "resolved": "https://registry.npmjs.org/semver-compare/-/semver-compare-1.0.0.tgz",
      "integrity": "sha512-YM3/ITh2MJ5MtzaM429anh+x2jiLVjqILF4m4oyQB18W7Ggea7BfqdH/wGMK7dDiMghv/6WG7znWMwUDzJiXow==",
      "license": "MIT",
      "peer": true
    },
    "node_modules/thumbhash": {
      "version": "0.1.1",
      "resolved": "https://registry.npmjs.org/thumbhash/-/thumbhash-0.1.1.tgz",
      "integrity": "sha512-kH5pKeIIBPQXAOni2AiY/Cu/NKdkFREdpH+TLdM0g6WA7RriCv0kPLgP731ady67MhTAqrVG/4mnEeibVuCJcg==",
      "license": "MIT"
    },
    "node_modules/tslib": {
      "version": "2.8.1",
      "resolved": "https://registry.npmjs.org/tslib/-/tslib-2.8.1.tgz",
      "integrity": "sha512-oJFu94HQb+KVduSUQL7wnpmqnfmLsOA/nAh6b6EH0wCEoK0/mPeXU6c3wKDV83MkOuHPRHtSXKKU99IBazS/2w==",
      "license": "0BSD"
    }
  }
}
